// !$*UTF8*$!
{
	archiveVersion = 1;
	classes = {
	};
	objectVersion = 56;
	objects = {

/* Begin PBXBuildFile section */
		BE06A2B72C74ED88008F9C1D /* IntervalsApp.swift in Sources */ = {isa = PBXBuildFile; fileRef = BE06A2B62C74ED88008F9C1D /* IntervalsApp.swift */; };
		BE06A2B92C74ED88008F9C1D /* ContentView.swift in Sources */ = {isa = PBXBuildFile; fileRef = BE06A2B82C74ED88008F9C1D /* ContentView.swift */; };
		BE06A2BB2C74ED8A008F9C1D /* Assets.xcassets in Resources */ = {isa = PBXBuildFile; fileRef = BE06A2BA2C74ED8A008F9C1D /* Assets.xcassets */; };
		BE06A2BE2C74ED8A008F9C1D /* Preview Assets.xcassets in Resources */ = {isa = PBXBuildFile; fileRef = BE06A2BD2C74ED8A008F9C1D /* Preview Assets.xcassets */; };
		BE06A2CA2C74EEFE008F9C1D /* Interval.swift in Sources */ = {isa = PBXBuildFile; fileRef = BE06A2C92C74EEFE008F9C1D /* Interval.swift */; };
		BE06A2CC2C74EF13008F9C1D /* User.swift in Sources */ = {isa = PBXBuildFile; fileRef = BE06A2CB2C74EF13008F9C1D /* User.swift */; };
		BE06A2CE2C74EF2F008F9C1D /* IntervalListView.swift in Sources */ = {isa = PBXBuildFile; fileRef = BE06A2CD2C74EF2F008F9C1D /* IntervalListView.swift */; };
		BE06A2D02C74EF4F008F9C1D /* AddIntervalView.swift in Sources */ = {isa = PBXBuildFile; fileRef = BE06A2CF2C74EF4F008F9C1D /* AddIntervalView.swift */; };
		BE06A2D22C74EF5B008F9C1D /* SettingsView.swift in Sources */ = {isa = PBXBuildFile; fileRef = BE06A2D12C74EF5B008F9C1D /* SettingsView.swift */; };
		BE06A2D42C74EF71008F9C1D /* InternalViewModel.swift in Sources */ = {isa = PBXBuildFile; fileRef = BE06A2D32C74EF71008F9C1D /* InternalViewModel.swift */; };
		BE06A2D62C74EF82008F9C1D /* UserViewModel.swift in Sources */ = {isa = PBXBuildFile; fileRef = BE06A2D52C74EF82008F9C1D /* UserViewModel.swift */; };
		BE06A2D82C74EF96008F9C1D /* NotificationService.swift in Sources */ = {isa = PBXBuildFile; fileRef = BE06A2D72C74EF96008F9C1D /* NotificationService.swift */; };
		BE06A2DA2C74EFA1008F9C1D /* SharingService.swift in Sources */ = {isa = PBXBuildFile; fileRef = BE06A2D92C74EFA1008F9C1D /* SharingService.swift */; };
		BE06A2DC2C74EFB0008F9C1D /* DateHelpers.swift in Sources */ = {isa = PBXBuildFile; fileRef = BE06A2DB2C74EFB0008F9C1D /* DateHelpers.swift */; };
/* End PBXBuildFile section */

/* Begin PBXFileReference section */
		BE06A2B32C74ED88008F9C1D /* Intervals.app */ = {isa = PBXFileReference; explicitFileType = wrapper.application; includeInIndex = 0; path = Intervals.app; sourceTree = BUILT_PRODUCTS_DIR; };
		BE06A2B62C74ED88008F9C1D /* IntervalsApp.swift */ = {isa = PBXFileReference; lastKnownFileType = sourcecode.swift; path = IntervalsApp.swift; sourceTree = "<group>"; };
		BE06A2B82C74ED88008F9C1D /* ContentView.swift */ = {isa = PBXFileReference; lastKnownFileType = sourcecode.swift; path = ContentView.swift; sourceTree = "<group>"; };
		BE06A2BA2C74ED8A008F9C1D /* Assets.xcassets */ = {isa = PBXFileReference; lastKnownFileType = folder.assetcatalog; path = Assets.xcassets; sourceTree = "<group>"; };
		BE06A2BD2C74ED8A008F9C1D /* Preview Assets.xcassets */ = {isa = PBXFileReference; lastKnownFileType = folder.assetcatalog; path = "Preview Assets.xcassets"; sourceTree = "<group>"; };
		BE06A2C92C74EEFE008F9C1D /* Interval.swift */ = {isa = PBXFileReference; lastKnownFileType = sourcecode.swift; path = Interval.swift; sourceTree = "<group>"; };
		BE06A2CB2C74EF13008F9C1D /* User.swift */ = {isa = PBXFileReference; lastKnownFileType = sourcecode.swift; path = User.swift; sourceTree = "<group>"; };
		BE06A2CD2C74EF2F008F9C1D /* IntervalListView.swift */ = {isa = PBXFileReference; lastKnownFileType = sourcecode.swift; path = IntervalListView.swift; sourceTree = "<group>"; };
		BE06A2CF2C74EF4F008F9C1D /* AddIntervalView.swift */ = {isa = PBXFileReference; lastKnownFileType = sourcecode.swift; path = AddIntervalView.swift; sourceTree = "<group>"; };
		BE06A2D12C74EF5B008F9C1D /* SettingsView.swift */ = {isa = PBXFileReference; lastKnownFileType = sourcecode.swift; path = SettingsView.swift; sourceTree = "<group>"; };
		BE06A2D32C74EF71008F9C1D /* InternalViewModel.swift */ = {isa = PBXFileReference; lastKnownFileType = sourcecode.swift; path = InternalViewModel.swift; sourceTree = "<group>"; };
		BE06A2D52C74EF82008F9C1D /* UserViewModel.swift */ = {isa = PBXFileReference; lastKnownFileType = sourcecode.swift; path = UserViewModel.swift; sourceTree = "<group>"; };
		BE06A2D72C74EF96008F9C1D /* NotificationService.swift */ = {isa = PBXFileReference; lastKnownFileType = sourcecode.swift; path = NotificationService.swift; sourceTree = "<group>"; };
		BE06A2D92C74EFA1008F9C1D /* SharingService.swift */ = {isa = PBXFileReference; lastKnownFileType = sourcecode.swift; path = SharingService.swift; sourceTree = "<group>"; };
		BE06A2DB2C74EFB0008F9C1D /* DateHelpers.swift */ = {isa = PBXFileReference; lastKnownFileType = sourcecode.swift; path = DateHelpers.swift; sourceTree = "<group>"; };
/* End PBXFileReference section */

/* Begin PBXFrameworksBuildPhase section */
		BE06A2B02C74ED88008F9C1D /* Frameworks */ = {
			isa = PBXFrameworksBuildPhase;
			buildActionMask = 2147483647;
			files = (
			);
			runOnlyForDeploymentPostprocessing = 0;
		};
/* End PBXFrameworksBuildPhase section */

/* Begin PBXGroup section */
		BE06A2AA2C74ED88008F9C1D = {
			isa = PBXGroup;
			children = (
				BE06A2C82C74EE4D008F9C1D /* Helpers */,
				BE06A2C72C74EE45008F9C1D /* Services */,
				BE06A2C62C74EE3C008F9C1D /* ViewModels */,
				BE06A2C52C74EE33008F9C1D /* Views */,
				BE06A2C42C74EE28008F9C1D /* Models */,
				BE06A2B52C74ED88008F9C1D /* Intervals */,
				BE06A2B42C74ED88008F9C1D /* Products */,
			);
			sourceTree = "<group>";
		};
		BE06A2B42C74ED88008F9C1D /* Products */ = {
			isa = PBXGroup;
			children = (
				BE06A2B32C74ED88008F9C1D /* Intervals.app */,
			);
			name = Products;
			sourceTree = "<group>";
		};
		BE06A2B52C74ED88008F9C1D /* Intervals */ = {
			isa = PBXGroup;
			children = (
				BE06A2B62C74ED88008F9C1D /* IntervalsApp.swift */,
				BE06A2BA2C74ED8A008F9C1D /* Assets.xcassets */,
				BE06A2BC2C74ED8A008F9C1D /* Preview Content */,
			);
			path = Intervals;
			sourceTree = "<group>";
		};
		BE06A2BC2C74ED8A008F9C1D /* Preview Content */ = {
			isa = PBXGroup;
			children = (
				BE06A2BD2C74ED8A008F9C1D /* Preview Assets.xcassets */,
			);
			path = "Preview Content";
			sourceTree = "<group>";
		};
		BE06A2C42C74EE28008F9C1D /* Models */ = {
			isa = PBXGroup;
			children = (
				BE06A2C92C74EEFE008F9C1D /* Interval.swift */,
				BE06A2CB2C74EF13008F9C1D /* User.swift */,
			);
			path = Models;
			sourceTree = "<group>";
		};
		BE06A2C52C74EE33008F9C1D /* Views */ = {
			isa = PBXGroup;
			children = (
				BE06A2B82C74ED88008F9C1D /* ContentView.swift */,
				BE06A2CD2C74EF2F008F9C1D /* IntervalListView.swift */,
				BE06A2CF2C74EF4F008F9C1D /* AddIntervalView.swift */,
				BE06A2D12C74EF5B008F9C1D /* SettingsView.swift */,
			);
			path = Views;
			sourceTree = "<group>";
		};
		BE06A2C62C74EE3C008F9C1D /* ViewModels */ = {
			isa = PBXGroup;
			children = (
				BE06A2D32C74EF71008F9C1D /* InternalViewModel.swift */,
				BE06A2D52C74EF82008F9C1D /* UserViewModel.swift */,
			);
			path = ViewModels;
			sourceTree = "<group>";
		};
		BE06A2C72C74EE45008F9C1D /* Services */ = {
			isa = PBXGroup;
			children = (
				BE06A2D72C74EF96008F9C1D /* NotificationService.swift */,
				BE06A2D92C74EFA1008F9C1D /* SharingService.swift */,
			);
			path = Services;
			sourceTree = "<group>";
		};
		BE06A2C82C74EE4D008F9C1D /* Helpers */ = {
			isa = PBXGroup;
			children = (
				BE06A2DB2C74EFB0008F9C1D /* DateHelpers.swift */,
			);
			path = Helpers;
			sourceTree = "<group>";
		};
/* End PBXGroup section */

/* Begin PBXNativeTarget section */
		BE06A2B22C74ED88008F9C1D /* Intervals */ = {
			isa = PBXNativeTarget;
			buildConfigurationList = BE06A2C12C74ED8A008F9C1D /* Build configuration list for PBXNativeTarget "Intervals" */;
			buildPhases = (
				BE06A2AF2C74ED88008F9C1D /* Sources */,
				BE06A2B02C74ED88008F9C1D /* Frameworks */,
				BE06A2B12C74ED88008F9C1D /* Resources */,
			);
			buildRules = (
			);
			dependencies = (
			);
			name = Intervals;
			productName = Intervals;
			productReference = BE06A2B32C74ED88008F9C1D /* Intervals.app */;
			productType = "com.apple.product-type.application";
		};
/* End PBXNativeTarget section */

/* Begin PBXProject section */
		BE06A2AB2C74ED88008F9C1D /* Project object */ = {
			isa = PBXProject;
			attributes = {
				BuildIndependentTargetsInParallel = 1;
				LastSwiftUpdateCheck = 1540;
				LastUpgradeCheck = 1540;
				TargetAttributes = {
					BE06A2B22C74ED88008F9C1D = {
						CreatedOnToolsVersion = 15.4;
					};
				};
			};
			buildConfigurationList = BE06A2AE2C74ED88008F9C1D /* Build configuration list for PBXProject "Intervals" */;
			compatibilityVersion = "Xcode 14.0";
			developmentRegion = en;
			hasScannedForEncodings = 0;
			knownRegions = (
				en,
				Base,
			);
			mainGroup = BE06A2AA2C74ED88008F9C1D;
			productRefGroup = BE06A2B42C74ED88008F9C1D /* Products */;
			projectDirPath = "";
			projectRoot = "";
			targets = (
				BE06A2B22C74ED88008F9C1D /* Intervals */,
			);
		};
/* End PBXProject section */

/* Begin PBXResourcesBuildPhase section */
		BE06A2B12C74ED88008F9C1D /* Resources */ = {
			isa = PBXResourcesBuildPhase;
			buildActionMask = 2147483647;
			files = (
				BE06A2BE2C74ED8A008F9C1D /* Preview Assets.xcassets in Resources */,
				BE06A2BB2C74ED8A008F9C1D /* Assets.xcassets in Resources */,
			);
			runOnlyForDeploymentPostprocessing = 0;
		};
/* End PBXResourcesBuildPhase section */

/* Begin PBXSourcesBuildPhase section */
		BE06A2AF2C74ED88008F9C1D /* Sources */ = {
			isa = PBXSourcesBuildPhase;
			buildActionMask = 2147483647;
			files = (
				BE06A2D22C74EF5B008F9C1D /* SettingsView.swift in Sources */,
				BE06A2CE2C74EF2F008F9C1D /* IntervalListView.swift in Sources */,
				BE06A2CC2C74EF13008F9C1D /* User.swift in Sources */,
				BE06A2D42C74EF71008F9C1D /* InternalViewModel.swift in Sources */,
				BE06A2B92C74ED88008F9C1D /* ContentView.swift in Sources */,
				BE06A2DC2C74EFB0008F9C1D /* DateHelpers.swift in Sources */,
				BE06A2B72C74ED88008F9C1D /* IntervalsApp.swift in Sources */,
				BE06A2CA2C74EEFE008F9C1D /* Interval.swift in Sources */,
				BE06A2D62C74EF82008F9C1D /* UserViewModel.swift in Sources */,
				BE06A2D82C74EF96008F9C1D /* NotificationService.swift in Sources */,
				BE06A2D02C74EF4F008F9C1D /* AddIntervalView.swift in Sources */,
				BE06A2DA2C74EFA1008F9C1D /* SharingService.swift in Sources */,
			);
			runOnlyForDeploymentPostprocessing = 0;
		};
/* End PBXSourcesBuildPhase section */

/* Begin XCBuildConfiguration section */
		BE06A2BF2C74ED8A008F9C1D /* Debug */ = {
			isa = XCBuildConfiguration;
			buildSettings = {
				ALWAYS_SEARCH_USER_PATHS = NO;
				ASSETCATALOG_COMPILER_GENERATE_SWIFT_ASSET_SYMBOL_EXTENSIONS = YES;
				CLANG_ANALYZER_NONNULL = YES;
				CLANG_ANALYZER_NUMBER_OBJECT_CONVERSION = YES_AGGRESSIVE;
				CLANG_CXX_LANGUAGE_STANDARD = "gnu++20";
				CLANG_ENABLE_MODULES = YES;
				CLANG_ENABLE_OBJC_ARC = YES;
				CLANG_ENABLE_OBJC_WEAK = YES;
				CLANG_WARN_BLOCK_CAPTURE_AUTORELEASING = YES;
				CLANG_WARN_BOOL_CONVERSION = YES;
				CLANG_WARN_COMMA = YES;
				CLANG_WARN_CONSTANT_CONVERSION = YES;
				CLANG_WARN_DEPRECATED_OBJC_IMPLEMENTATIONS = YES;
				CLANG_WARN_DIRECT_OBJC_ISA_USAGE = YES_ERROR;
				CLANG_WARN_DOCUMENTATION_COMMENTS = YES;
				CLANG_WARN_EMPTY_BODY = YES;
				CLANG_WARN_ENUM_CONVERSION = YES;
				CLANG_WARN_INFINITE_RECURSION = YES;
				CLANG_WARN_INT_CONVERSION = YES;
				CLANG_WARN_NON_LITERAL_NULL_CONVERSION = YES;
				CLANG_WARN_OBJC_IMPLICIT_RETAIN_SELF = YES;
				CLANG_WARN_OBJC_LITERAL_CONVERSION = YES;
				CLANG_WARN_OBJC_ROOT_CLASS = YES_ERROR;
				CLANG_WARN_QUOTED_INCLUDE_IN_FRAMEWORK_HEADER = YES;
				CLANG_WARN_RANGE_LOOP_ANALYSIS = YES;
				CLANG_WARN_STRICT_PROTOTYPES = YES;
				CLANG_WARN_SUSPICIOUS_MOVE = YES;
				CLANG_WARN_UNGUARDED_AVAILABILITY = YES_AGGRESSIVE;
				CLANG_WARN_UNREACHABLE_CODE = YES;
				CLANG_WARN__DUPLICATE_METHOD_MATCH = YES;
				COPY_PHASE_STRIP = NO;
				DEBUG_INFORMATION_FORMAT = dwarf;
				ENABLE_STRICT_OBJC_MSGSEND = YES;
				ENABLE_TESTABILITY = YES;
				ENABLE_USER_SCRIPT_SANDBOXING = YES;
				GCC_C_LANGUAGE_STANDARD = gnu17;
				GCC_DYNAMIC_NO_PIC = NO;
				GCC_NO_COMMON_BLOCKS = YES;
				GCC_OPTIMIZATION_LEVEL = 0;
				GCC_PREPROCESSOR_DEFINITIONS = (
					"DEBUG=1",
					"$(inherited)",
				);
				GCC_WARN_64_TO_32_BIT_CONVERSION = YES;
				GCC_WARN_ABOUT_RETURN_TYPE = YES_ERROR;
				GCC_WARN_UNDECLARED_SELECTOR = YES;
				GCC_WARN_UNINITIALIZED_AUTOS = YES_AGGRESSIVE;
				GCC_WARN_UNUSED_FUNCTION = YES;
				GCC_WARN_UNUSED_VARIABLE = YES;
				IPHONEOS_DEPLOYMENT_TARGET = 17.5;
				LOCALIZATION_PREFERS_STRING_CATALOGS = YES;
				MTL_ENABLE_DEBUG_INFO = INCLUDE_SOURCE;
				MTL_FAST_MATH = YES;
				ONLY_ACTIVE_ARCH = YES;
				SDKROOT = iphoneos;
				SWIFT_ACTIVE_COMPILATION_CONDITIONS = "DEBUG $(inherited)";
				SWIFT_OPTIMIZATION_LEVEL = "-Onone";
			};
			name = Debug;
		};
		BE06A2C02C74ED8A008F9C1D /* Release */ = {
			isa = XCBuildConfiguration;
			buildSettings = {
				ALWAYS_SEARCH_USER_PATHS = NO;
				ASSETCATALOG_COMPILER_GENERATE_SWIFT_ASSET_SYMBOL_EXTENSIONS = YES;
				CLANG_ANALYZER_NONNULL = YES;
				CLANG_ANALYZER_NUMBER_OBJECT_CONVERSION = YES_AGGRESSIVE;
				CLANG_CXX_LANGUAGE_STANDARD = "gnu++20";
				CLANG_ENABLE_MODULES = YES;
				CLANG_ENABLE_OBJC_ARC = YES;
				CLANG_ENABLE_OBJC_WEAK = YES;
				CLANG_WARN_BLOCK_CAPTURE_AUTORELEASING = YES;
				CLANG_WARN_BOOL_CONVERSION = YES;
				CLANG_WARN_COMMA = YES;
				CLANG_WARN_CONSTANT_CONVERSION = YES;
				CLANG_WARN_DEPRECATED_OBJC_IMPLEMENTATIONS = YES;
				CLANG_WARN_DIRECT_OBJC_ISA_USAGE = YES_ERROR;
				CLANG_WARN_DOCUMENTATION_COMMENTS = YES;
				CLANG_WARN_EMPTY_BODY = YES;
				CLANG_WARN_ENUM_CONVERSION = YES;
				CLANG_WARN_INFINITE_RECURSION = YES;
				CLANG_WARN_INT_CONVERSION = YES;
				CLANG_WARN_NON_LITERAL_NULL_CONVERSION = YES;
				CLANG_WARN_OBJC_IMPLICIT_RETAIN_SELF = YES;
				CLANG_WARN_OBJC_LITERAL_CONVERSION = YES;
				CLANG_WARN_OBJC_ROOT_CLASS = YES_ERROR;
				CLANG_WARN_QUOTED_INCLUDE_IN_FRAMEWORK_HEADER = YES;
				CLANG_WARN_RANGE_LOOP_ANALYSIS = YES;
				CLANG_WARN_STRICT_PROTOTYPES = YES;
				CLANG_WARN_SUSPICIOUS_MOVE = YES;
				CLANG_WARN_UNGUARDED_AVAILABILITY = YES_AGGRESSIVE;
				CLANG_WARN_UNREACHABLE_CODE = YES;
				CLANG_WARN__DUPLICATE_METHOD_MATCH = YES;
				COPY_PHASE_STRIP = NO;
				DEBUG_INFORMATION_FORMAT = "dwarf-with-dsym";
				ENABLE_NS_ASSERTIONS = NO;
				ENABLE_STRICT_OBJC_MSGSEND = YES;
				ENABLE_USER_SCRIPT_SANDBOXING = YES;
				GCC_C_LANGUAGE_STANDARD = gnu17;
				GCC_NO_COMMON_BLOCKS = YES;
				GCC_WARN_64_TO_32_BIT_CONVERSION = YES;
				GCC_WARN_ABOUT_RETURN_TYPE = YES_ERROR;
				GCC_WARN_UNDECLARED_SELECTOR = YES;
				GCC_WARN_UNINITIALIZED_AUTOS = YES_AGGRESSIVE;
				GCC_WARN_UNUSED_FUNCTION = YES;
				GCC_WARN_UNUSED_VARIABLE = YES;
				IPHONEOS_DEPLOYMENT_TARGET = 17.5;
				LOCALIZATION_PREFERS_STRING_CATALOGS = YES;
				MTL_ENABLE_DEBUG_INFO = NO;
				MTL_FAST_MATH = YES;
				SDKROOT = iphoneos;
				SWIFT_COMPILATION_MODE = wholemodule;
				VALIDATE_PRODUCT = YES;
			};
			name = Release;
		};
		BE06A2C22C74ED8A008F9C1D /* Debug */ = {
			isa = XCBuildConfiguration;
			buildSettings = {
				ASSETCATALOG_COMPILER_APPICON_NAME = AppIcon;
				ASSETCATALOG_COMPILER_GLOBAL_ACCENT_COLOR_NAME = AccentColor;
				CODE_SIGN_STYLE = Automatic;
				CURRENT_PROJECT_VERSION = 1;
				DEVELOPMENT_ASSET_PATHS = "\"Intervals/Preview Content\"";
				DEVELOPMENT_TEAM = 5D2DW472PL;
				ENABLE_PREVIEWS = YES;
				GENERATE_INFOPLIST_FILE = YES;
				INFOPLIST_KEY_UIApplicationSceneManifest_Generation = YES;
				INFOPLIST_KEY_UIApplicationSupportsIndirectInputEvents = YES;
				INFOPLIST_KEY_UILaunchScreen_Generation = YES;
				INFOPLIST_KEY_UISupportedInterfaceOrientations_iPad = "UIInterfaceOrientationPortrait UIInterfaceOrientationPortraitUpsideDown UIInterfaceOrientationLandscapeLeft UIInterfaceOrientationLandscapeRight";
				INFOPLIST_KEY_UISupportedInterfaceOrientations_iPhone = "UIInterfaceOrientationPortrait UIInterfaceOrientationLandscapeLeft UIInterfaceOrientationLandscapeRight";
				LD_RUNPATH_SEARCH_PATHS = (
					"$(inherited)",
					"@executable_path/Frameworks",
				);
				MARKETING_VERSION = 1.0;
				PRODUCT_BUNDLE_IDENTIFIER = com.timokohlmann.Intervals;
				PRODUCT_NAME = "$(TARGET_NAME)";
				SWIFT_EMIT_LOC_STRINGS = YES;
				SWIFT_VERSION = 5.0;
				TARGETED_DEVICE_FAMILY = "1,2";
			};
			name = Debug;
		};
		BE06A2C32C74ED8A008F9C1D /* Release */ = {
			isa = XCBuildConfiguration;
			buildSettings = {
				ASSETCATALOG_COMPILER_APPICON_NAME = AppIcon;
				ASSETCATALOG_COMPILER_GLOBAL_ACCENT_COLOR_NAME = AccentColor;
				CODE_SIGN_STYLE = Automatic;
				CURRENT_PROJECT_VERSION = 1;
				DEVELOPMENT_ASSET_PATHS = "\"Intervals/Preview Content\"";
				DEVELOPMENT_TEAM = 5D2DW472PL;
				ENABLE_PREVIEWS = YES;
				GENERATE_INFOPLIST_FILE = YES;
				INFOPLIST_KEY_UIApplicationSceneManifest_Generation = YES;
				INFOPLIST_KEY_UIApplicationSupportsIndirectInputEvents = YES;
				INFOPLIST_KEY_UILaunchScreen_Generation = YES;
				INFOPLIST_KEY_UISupportedInterfaceOrientations_iPad = "UIInterfaceOrientationPortrait UIInterfaceOrientationPortraitUpsideDown UIInterfaceOrientationLandscapeLeft UIInterfaceOrientationLandscapeRight";
				INFOPLIST_KEY_UISupportedInterfaceOrientations_iPhone = "UIInterfaceOrientationPortrait UIInterfaceOrientationLandscapeLeft UIInterfaceOrientationLandscapeRight";
				LD_RUNPATH_SEARCH_PATHS = (
					"$(inherited)",
					"@executable_path/Frameworks",
				);
				MARKETING_VERSION = 1.0;
				PRODUCT_BUNDLE_IDENTIFIER = com.timokohlmann.Intervals;
				PRODUCT_NAME = "$(TARGET_NAME)";
				SWIFT_EMIT_LOC_STRINGS = YES;
				SWIFT_VERSION = 5.0;
				TARGETED_DEVICE_FAMILY = "1,2";
			};
			name = Release;
		};
/* End XCBuildConfiguration section */

/* Begin XCConfigurationList section */
		BE06A2AE2C74ED88008F9C1D /* Build configuration list for PBXProject "Intervals" */ = {
			isa = XCConfigurationList;
			buildConfigurations = (
				BE06A2BF2C74ED8A008F9C1D /* Debug */,
				BE06A2C02C74ED8A008F9C1D /* Release */,
			);
			defaultConfigurationIsVisible = 0;
			defaultConfigurationName = Release;
		};
		BE06A2C12C74ED8A008F9C1D /* Build configuration list for PBXNativeTarget "Intervals" */ = {
			isa = XCConfigurationList;
			buildConfigurations = (
				BE06A2C22C74ED8A008F9C1D /* Debug */,
				BE06A2C32C74ED8A008F9C1D /* Release */,
			);
			defaultConfigurationIsVisible = 0;
			defaultConfigurationName = Release;
		};
/* End XCConfigurationList section */
	};
	rootObject = BE06A2AB2C74ED88008F9C1D /* Project object */;
}
